{
  "name": "story_insights",
  "lockfileVersion": 3,
  "requires": true,
  "packages": {
    "": {
      "dependencies": {
        "cfenv": "^1.2.4"
      }
    },
    "node_modules/argparse": {
      "version": "2.0.1",
      "resolved": "https://registry.npmjs.org/argparse/-/argparse-2.0.1.tgz",
      "integrity": "sha512-8+9WqebbFzpX9OR+Wa6O29asIogeRMzcGtAINdpMHHyAg10f05aSFVBbcEqGf/PXw1EjAZ+q2/bEBg3DvurK3Q==",
      "license": "Python-2.0"
    },
    "node_modules/cfenv": {
      "version": "1.2.4",
      "resolved": "https://registry.npmjs.org/cfenv/-/cfenv-1.2.4.tgz",
      "integrity": "sha512-jWQ+3UXZauYyOXwHpMm74C0wM7+LDQmgMxWBGchg4as7+YyTL0pyx/CZ3dEvJyZVOB4SgKATc5naJky6cd9zYw==",
      "license": "Apache-2.0",
      "dependencies": {
        "js-yaml": "4.0.x",
        "ports": "1.1.x",
        "underscore": "1.12.x"
      }
    },
    "node_modules/js-yaml": {
      "version": "4.0.0",
      "resolved": "https://registry.npmjs.org/js-yaml/-/js-yaml-4.0.0.tgz",
      "integrity": "sha512-pqon0s+4ScYUvX30wxQi3PogGFAlUyH0awepWvwkj4jD4v+ova3RiYw8bmA6x2rDrEaj8i/oWKoRxpVNW+Re8Q==",
      "license": "MIT",
      "dependencies": {
        "argparse": "^2.0.1"
      },
      "bin": {
        "js-yaml": "bin/js-yaml.js"
      }
    },
    "node_modules/ports": {
      "version": "1.1.0",
      "resolved": "https://registry.npmjs.org/ports/-/ports-1.1.0.tgz",
      "integrity": "sha512-XmS7dspHnkTXZC75NkG0ti2hLj8aSyg1Izp87/2cWT7QhTo1vdtWsQ4ldp4BEQ/EXqy0s4yTATJUZ3t9RGZVpg==",
      "license": "Apache 2.0"
    },
    "node_modules/underscore": {
      "version": "1.12.1",
      "resolved": "https://registry.npmjs.org/underscore/-/underscore-1.12.1.tgz",
      "integrity": "sha512-hEQt0+ZLDVUMhebKxL4x1BTtDY7bavVofhZ9KZ4aI26X9SRaE+Y3m83XUL1UP2jn8ynjndwCCpEHdUG+9pP1Tw==",
      "license": "MIT"
    }
  }
}
